{
  "version": 4,
  "terraform_version": "1.2.8",
  "serial": 26,
  "lineage": "b797559d-b3cb-4363-0216-ddbc2652e35c",
  "outputs": {
    "my_pet": {
      "value": {
        "id": "Mrs.patient.cockatoo",
        "keepers": null,
        "length": 2,
        "prefix": "Mrs",
        "separator": "."
      },
      "type": [
        "object",
        {
          "id": "string",
          "keepers": [
            "map",
            "string"
          ],
          "length": "number",
          "prefix": "string",
          "separator": "string"
        }
      ],
      "sensitive": true
    },
    "pets": {
      "value": [
        {
          "content": "MY DOG Prince Mrs.patient.cockatoo",
          "content_base64": null,
          "directory_permission": "0777",
          "file_permission": "0777",
          "filename": "./terraform/bird.txt",
          "id": "89c7c7c8500905f2ea69f496c124ee5a99edf392",
          "sensitive_content": null,
          "source": null
        },
        {
          "content": "MY DOG Prince Mrs.patient.cockatoo",
          "content_base64": null,
          "directory_permission": "0777",
          "file_permission": "0777",
          "filename": "./terraform/dog.txt",
          "id": "89c7c7c8500905f2ea69f496c124ee5a99edf392",
          "sensitive_content": null,
          "source": null
        },
        {
          "content": "MY DOG Prince Mrs.patient.cockatoo",
          "content_base64": null,
          "directory_permission": "0777",
          "file_permission": "0777",
          "filename": "./terraform/cat.txt",
          "id": "89c7c7c8500905f2ea69f496c124ee5a99edf392",
          "sensitive_content": null,
          "source": null
        }
      ],
      "type": [
        "tuple",
        [
          [
            "object",
            {
              "content": "string",
              "content_base64": "string",
              "directory_permission": "string",
              "file_permission": "string",
              "filename": "string",
              "id": "string",
              "sensitive_content": "string",
              "source": "string"
            }
          ],
          [
            "object",
            {
              "content": "string",
              "content_base64": "string",
              "directory_permission": "string",
              "file_permission": "string",
              "filename": "string",
              "id": "string",
              "sensitive_content": "string",
              "source": "string"
            }
          ],
          [
            "object",
            {
              "content": "string",
              "content_base64": "string",
              "directory_permission": "string",
              "file_permission": "string",
              "filename": "string",
              "id": "string",
              "sensitive_content": "string",
              "source": "string"
            }
          ]
        ]
      ],
      "sensitive": true
    }
  },
  "resources": [
    {
      "mode": "managed",
      "type": "local_file",
      "name": "pets",
      "provider": "provider[\"registry.terraform.io/hashicorp/local\"]",
      "instances": [
        {
          "index_key": 0,
          "schema_version": 0,
          "attributes": {
            "content": "MY DOG Prince Mrs.patient.cockatoo",
            "content_base64": null,
            "directory_permission": "0777",
            "file_permission": "0777",
            "filename": "./terraform/bird.txt",
            "id": "89c7c7c8500905f2ea69f496c124ee5a99edf392",
            "sensitive_content": null,
            "source": null
          },
          "sensitive_attributes": [],
          "private": "bnVsbA==",
          "dependencies": [
            "random_pet.my_pet"
          ]
        },
        {
          "index_key": 1,
          "schema_version": 0,
          "attributes": {
            "content": "MY DOG Prince Mrs.patient.cockatoo",
            "content_base64": null,
            "directory_permission": "0777",
            "file_permission": "0777",
            "filename": "./terraform/dog.txt",
            "id": "89c7c7c8500905f2ea69f496c124ee5a99edf392",
            "sensitive_content": null,
            "source": null
          },
          "sensitive_attributes": [],
          "private": "bnVsbA==",
          "dependencies": [
            "random_pet.my_pet"
          ]
        },
        {
          "index_key": 2,
          "schema_version": 0,
          "attributes": {
            "content": "MY DOG Prince Mrs.patient.cockatoo",
            "content_base64": null,
            "directory_permission": "0777",
            "file_permission": "0777",
            "filename": "./terraform/cat.txt",
            "id": "89c7c7c8500905f2ea69f496c124ee5a99edf392",
            "sensitive_content": null,
            "source": null
          },
          "sensitive_attributes": [],
          "private": "bnVsbA==",
          "dependencies": [
            "random_pet.my_pet"
          ]
        }
      ]
    },
    {
      "mode": "managed",
      "type": "random_pet",
      "name": "my_pet",
      "provider": "provider[\"registry.terraform.io/hashicorp/random\"]",
      "instances": [
        {
          "schema_version": 0,
          "attributes": {
            "id": "Mrs.patient.cockatoo",
            "keepers": null,
            "length": 2,
            "prefix": "Mrs",
            "separator": "."
          },
          "sensitive_attributes": []
        }
      ]
    }
  ]
}
